
Microsoft Visual Studio Solution File, Format Version 12.00
# Visual Studio Version 17
VisualStudioVersion = 17.5.002.0
MinimumVisualStudioVersion = 10.0.40219.1
Project("{2150E333-8FDC-42A3-9474-1A3956D46DE8}") = "week01", "week01", "{4F8583E7-01F4-4FCB-BFFE-AACD23B64479}"
EndProject
Project("{9A19103F-16F7-4668-BE54-9A1E7A4F7556}") = "code", "week01\code\code.csproj", "{63D380AF-33D9-4064-8AB3-932FC2CF34A8}"
EndProject
Project("{9A19103F-16F7-4668-BE54-9A1E7A4F7556}") = "analyze", "week01\analyze\analyze.csproj", "{413AB03E-0575-40F1-8DEA-B8F0F9959AA9}"
EndProject
Project("{9A19103F-16F7-4668-BE54-9A1E7A4F7556}") = "teach", "week01\teach\teach.csproj", "{2D51E1DC-1775-4A7C-9C49-6F562E6B3338}"
EndProject
Project("{2150E333-8FDC-42A3-9474-1A3956D46DE8}") = "week06", "week06", "{995999CA-1F95-4030-9324-6A78E05406AD}"
EndProject
Project("{9A19103F-16F7-4668-BE54-9A1E7A4F7556}") = "code", "week06\code\code.csproj", "{2F7A05D4-7880-4995-9D84-C547A2065EA2}"
EndProject
Project("{2150E333-8FDC-42A3-9474-1A3956D46DE8}") = "sandbox", "sandbox", "{9149CE80-7B35-46C4-B55E-70A7D8EA45CA}"
EndProject
Project("{9A19103F-16F7-4668-BE54-9A1E7A4F7556}") = "sandbox_project", "sandbox\sandbox_project\sandbox_project.csproj", "{157E1CB4-B049-4545-B934-83DC7811DE42}"
EndProject
Project("{2150E333-8FDC-42A3-9474-1A3956D46DE8}") = "week05", "week05", "{0D3FE066-4A7B-4D1B-AFED-ED78B3B47730}"
EndProject
Project("{9A19103F-16F7-4668-BE54-9A1E7A4F7556}") = "code", "week05\code\code.csproj", "{E3819ECA-43B6-4093-981A-B93C97FA04A3}"
EndProject
Project("{2150E333-8FDC-42A3-9474-1A3956D46DE8}") = "week02", "week02", "{7A48B25B-6C98-4BE3-B62A-6AC539BA3074}"
EndProject
Project("{9A19103F-16F7-4668-BE54-9A1E7A4F7556}") = "learn", "week02\learn\learn.csproj", "{F7235020-79DA-4527-BDE5-A117BC03139A}"
EndProject
Project("{9A19103F-16F7-4668-BE54-9A1E7A4F7556}") = "code", "week02\code\code.csproj", "{00BDDBE0-C520-4553-BA53-BDC7F1A8AA31}"
EndProject
Project("{9A19103F-16F7-4668-BE54-9A1E7A4F7556}") = "analyze", "week02\analyze\analyze.csproj", "{65242BD5-8039-4E49-9CF0-DD01E150F258}"
EndProject
Project("{9A19103F-16F7-4668-BE54-9A1E7A4F7556}") = "teach", "week02\teach\teach.csproj", "{D6003933-8244-4A7D-9778-A1D9303AF4FF}"
EndProject
Project("{2150E333-8FDC-42A3-9474-1A3956D46DE8}") = "week03", "week03", "{A3B5434C-D29E-4CA2-8F28-BF8CBE66A819}"
EndProject
Project("{9A19103F-16F7-4668-BE54-9A1E7A4F7556}") = "learn", "week03\learn\learn.csproj", "{83C436EB-D973-47B4-8ACD-D24EF4BA2547}"
EndProject
Project("{9A19103F-16F7-4668-BE54-9A1E7A4F7556}") = "code", "week03\code\code.csproj", "{D9A371AB-7C1A-416E-817C-A127711F67A3}"
EndProject
Project("{9A19103F-16F7-4668-BE54-9A1E7A4F7556}") = "teach", "week03\teach\teach.csproj", "{5A32D1B3-BC03-4A02-A220-3DB5C2D38C83}"
EndProject
Project("{2150E333-8FDC-42A3-9474-1A3956D46DE8}") = "week04", "week04", "{43122EC6-D203-473A-94FB-B927405041EE}"
EndProject
Project("{9A19103F-16F7-4668-BE54-9A1E7A4F7556}") = "code", "week04\code\code.csproj", "{C0E59D4B-9F42-4C3C-AB5D-AFFE73893DC4}"
EndProject
Global
	GlobalSection(SolutionConfigurationPlatforms) = preSolution
		Debug|Any CPU = Debug|Any CPU
		Release|Any CPU = Release|Any CPU
	EndGlobalSection
	GlobalSection(ProjectConfigurationPlatforms) = postSolution
		{63D380AF-33D9-4064-8AB3-932FC2CF34A8}.Debug|Any CPU.ActiveCfg = Debug|Any CPU
		{63D380AF-33D9-4064-8AB3-932FC2CF34A8}.Debug|Any CPU.Build.0 = Debug|Any CPU
		{63D380AF-33D9-4064-8AB3-932FC2CF34A8}.Release|Any CPU.ActiveCfg = Release|Any CPU
		{63D380AF-33D9-4064-8AB3-932FC2CF34A8}.Release|Any CPU.Build.0 = Release|Any CPU
		{413AB03E-0575-40F1-8DEA-B8F0F9959AA9}.Debug|Any CPU.ActiveCfg = Debug|Any CPU
		{413AB03E-0575-40F1-8DEA-B8F0F9959AA9}.Debug|Any CPU.Build.0 = Debug|Any CPU
		{413AB03E-0575-40F1-8DEA-B8F0F9959AA9}.Release|Any CPU.ActiveCfg = Release|Any CPU
		{413AB03E-0575-40F1-8DEA-B8F0F9959AA9}.Release|Any CPU.Build.0 = Release|Any CPU
		{2D51E1DC-1775-4A7C-9C49-6F562E6B3338}.Debug|Any CPU.ActiveCfg = Debug|Any CPU
		{2D51E1DC-1775-4A7C-9C49-6F562E6B3338}.Debug|Any CPU.Build.0 = Debug|Any CPU
		{2D51E1DC-1775-4A7C-9C49-6F562E6B3338}.Release|Any CPU.ActiveCfg = Release|Any CPU
		{2D51E1DC-1775-4A7C-9C49-6F562E6B3338}.Release|Any CPU.Build.0 = Release|Any CPU
		{2F7A05D4-7880-4995-9D84-C547A2065EA2}.Debug|Any CPU.ActiveCfg = Debug|Any CPU
		{2F7A05D4-7880-4995-9D84-C547A2065EA2}.Debug|Any CPU.Build.0 = Debug|Any CPU
		{2F7A05D4-7880-4995-9D84-C547A2065EA2}.Release|Any CPU.ActiveCfg = Release|Any CPU
		{2F7A05D4-7880-4995-9D84-C547A2065EA2}.Release|Any CPU.Build.0 = Release|Any CPU
		{157E1CB4-B049-4545-B934-83DC7811DE42}.Debug|Any CPU.ActiveCfg = Debug|Any CPU
		{157E1CB4-B049-4545-B934-83DC7811DE42}.Debug|Any CPU.Build.0 = Debug|Any CPU
		{157E1CB4-B049-4545-B934-83DC7811DE42}.Release|Any CPU.ActiveCfg = Release|Any CPU
		{157E1CB4-B049-4545-B934-83DC7811DE42}.Release|Any CPU.Build.0 = Release|Any CPU
		{E3819ECA-43B6-4093-981A-B93C97FA04A3}.Debug|Any CPU.ActiveCfg = Debug|Any CPU
		{E3819ECA-43B6-4093-981A-B93C97FA04A3}.Debug|Any CPU.Build.0 = Debug|Any CPU
		{E3819ECA-43B6-4093-981A-B93C97FA04A3}.Release|Any CPU.ActiveCfg = Release|Any CPU
		{E3819ECA-43B6-4093-981A-B93C97FA04A3}.Release|Any CPU.Build.0 = Release|Any CPU
		{F7235020-79DA-4527-BDE5-A117BC03139A}.Debug|Any CPU.ActiveCfg = Debug|Any CPU
		{F7235020-79DA-4527-BDE5-A117BC03139A}.Debug|Any CPU.Build.0 = Debug|Any CPU
		{F7235020-79DA-4527-BDE5-A117BC03139A}.Release|Any CPU.ActiveCfg = Release|Any CPU
		{F7235020-79DA-4527-BDE5-A117BC03139A}.Release|Any CPU.Build.0 = Release|Any CPU
		{00BDDBE0-C520-4553-BA53-BDC7F1A8AA31}.Debug|Any CPU.ActiveCfg = Debug|Any CPU
		{00BDDBE0-C520-4553-BA53-BDC7F1A8AA31}.Debug|Any CPU.Build.0 = Debug|Any CPU
		{00BDDBE0-C520-4553-BA53-BDC7F1A8AA31}.Release|Any CPU.ActiveCfg = Release|Any CPU
		{00BDDBE0-C520-4553-BA53-BDC7F1A8AA31}.Release|Any CPU.Build.0 = Release|Any CPU
		{65242BD5-8039-4E49-9CF0-DD01E150F258}.Debug|Any CPU.ActiveCfg = Debug|Any CPU
		{65242BD5-8039-4E49-9CF0-DD01E150F258}.Debug|Any CPU.Build.0 = Debug|Any CPU
		{65242BD5-8039-4E49-9CF0-DD01E150F258}.Release|Any CPU.ActiveCfg = Release|Any CPU
		{65242BD5-8039-4E49-9CF0-DD01E150F258}.Release|Any CPU.Build.0 = Release|Any CPU
		{D6003933-8244-4A7D-9778-A1D9303AF4FF}.Debug|Any CPU.ActiveCfg = Debug|Any CPU
		{D6003933-8244-4A7D-9778-A1D9303AF4FF}.Debug|Any CPU.Build.0 = Debug|Any CPU
		{D6003933-8244-4A7D-9778-A1D9303AF4FF}.Release|Any CPU.ActiveCfg = Release|Any CPU
		{D6003933-8244-4A7D-9778-A1D9303AF4FF}.Release|Any CPU.Build.0 = Release|Any CPU
		{83C436EB-D973-47B4-8ACD-D24EF4BA2547}.Debug|Any CPU.ActiveCfg = Debug|Any CPU
		{83C436EB-D973-47B4-8ACD-D24EF4BA2547}.Debug|Any CPU.Build.0 = Debug|Any CPU
		{83C436EB-D973-47B4-8ACD-D24EF4BA2547}.Release|Any CPU.ActiveCfg = Release|Any CPU
		{83C436EB-D973-47B4-8ACD-D24EF4BA2547}.Release|Any CPU.Build.0 = Release|Any CPU
		{D9A371AB-7C1A-416E-817C-A127711F67A3}.Debug|Any CPU.ActiveCfg = Debug|Any CPU
		{D9A371AB-7C1A-416E-817C-A127711F67A3}.Debug|Any CPU.Build.0 = Debug|Any CPU
		{D9A371AB-7C1A-416E-817C-A127711F67A3}.Release|Any CPU.ActiveCfg = Release|Any CPU
		{D9A371AB-7C1A-416E-817C-A127711F67A3}.Release|Any CPU.Build.0 = Release|Any CPU
		{5A32D1B3-BC03-4A02-A220-3DB5C2D38C83}.Debug|Any CPU.ActiveCfg = Debug|Any CPU
		{5A32D1B3-BC03-4A02-A220-3DB5C2D38C83}.Debug|Any CPU.Build.0 = Debug|Any CPU
		{5A32D1B3-BC03-4A02-A220-3DB5C2D38C83}.Release|Any CPU.ActiveCfg = Release|Any CPU
		{5A32D1B3-BC03-4A02-A220-3DB5C2D38C83}.Release|Any CPU.Build.0 = Release|Any CPU
		{C0E59D4B-9F42-4C3C-AB5D-AFFE73893DC4}.Debug|Any CPU.ActiveCfg = Debug|Any CPU
		{C0E59D4B-9F42-4C3C-AB5D-AFFE73893DC4}.Debug|Any CPU.Build.0 = Debug|Any CPU
		{C0E59D4B-9F42-4C3C-AB5D-AFFE73893DC4}.Release|Any CPU.ActiveCfg = Release|Any CPU
		{C0E59D4B-9F42-4C3C-AB5D-AFFE73893DC4}.Release|Any CPU.Build.0 = Release|Any CPU
	EndGlobalSection
	GlobalSection(SolutionProperties) = preSolution
		HideSolutionNode = FALSE
	EndGlobalSection
	GlobalSection(NestedProjects) = preSolution
		{63D380AF-33D9-4064-8AB3-932FC2CF34A8} = {4F8583E7-01F4-4FCB-BFFE-AACD23B64479}
		{413AB03E-0575-40F1-8DEA-B8F0F9959AA9} = {4F8583E7-01F4-4FCB-BFFE-AACD23B64479}
		{2D51E1DC-1775-4A7C-9C49-6F562E6B3338} = {4F8583E7-01F4-4FCB-BFFE-AACD23B64479}
		{2F7A05D4-7880-4995-9D84-C547A2065EA2} = {995999CA-1F95-4030-9324-6A78E05406AD}
		{157E1CB4-B049-4545-B934-83DC7811DE42} = {9149CE80-7B35-46C4-B55E-70A7D8EA45CA}
		{E3819ECA-43B6-4093-981A-B93C97FA04A3} = {0D3FE066-4A7B-4D1B-AFED-ED78B3B47730}
		{F7235020-79DA-4527-BDE5-A117BC03139A} = {7A48B25B-6C98-4BE3-B62A-6AC539BA3074}
		{00BDDBE0-C520-4553-BA53-BDC7F1A8AA31} = {7A48B25B-6C98-4BE3-B62A-6AC539BA3074}
		{65242BD5-8039-4E49-9CF0-DD01E150F258} = {7A48B25B-6C98-4BE3-B62A-6AC539BA3074}
		{D6003933-8244-4A7D-9778-A1D9303AF4FF} = {7A48B25B-6C98-4BE3-B62A-6AC539BA3074}
		{83C436EB-D973-47B4-8ACD-D24EF4BA2547} = {A3B5434C-D29E-4CA2-8F28-BF8CBE66A819}
		{D9A371AB-7C1A-416E-817C-A127711F67A3} = {A3B5434C-D29E-4CA2-8F28-BF8CBE66A819}
		{5A32D1B3-BC03-4A02-A220-3DB5C2D38C83} = {A3B5434C-D29E-4CA2-8F28-BF8CBE66A819}
		{C0E59D4B-9F42-4C3C-AB5D-AFFE73893DC4} = {43122EC6-D203-473A-94FB-B927405041EE}
	EndGlobalSection
	GlobalSection(ExtensibilityGlobals) = postSolution
		SolutionGuid = {62B79007-E182-4E15-839C-8560DB241928}
	EndGlobalSection
EndGlobal
